
Microsoft Visual Studio Solution File, Format Version 12.00
# Visual Studio Version 16
VisualStudioVersion = 16.0.31129.286
MinimumVisualStudioVersion = 10.0.40219.1
Project("{9A19103F-16F7-4668-BE54-9A1E7A4F7556}") = "BAI_1.0_DELEGATE", "BAI_1.0_DELEGATE\BAI_1.0_DELEGATE.csproj", "{7C1EF5C0-14C8-4852-9D3D-42886F0A391F}"
EndProject
Project("{9A19103F-16F7-4668-BE54-9A1E7A4F7556}") = "BAI_1.1_DELEGATE_ACTION_FUNC", "BAI_1.1_DELEGATE_ACTION_FUNC\BAI_1.1_DELEGATE_ACTION_FUNC.csproj", "{E3183B48-17AD-4127-89CD-8B0D20DEDF2D}"
EndProject
Project("{9A19103F-16F7-4668-BE54-9A1E7A4F7556}") = "BAI_1.2_DELEGATE_EVENT", "BAI_1.2_DELEGATE_EVENT\BAI_1.2_DELEGATE_EVENT.csproj", "{6D558902-262A-4AC6-9EEC-7247703DD7A5}"
EndProject
Project("{FAE04EC0-301F-11D3-BF4B-00C04F79EFBC}") = "BAI_1.3_DELEGATE_EVENT2", "BAI_1.3_DELEGATE_EVENT2\BAI_1.3_DELEGATE_EVENT2.csproj", "{E08026CD-4203-419D-B163-403ED42E26B6}"
EndProject
Project("{FAE04EC0-301F-11D3-BF4B-00C04F79EFBC}") = "BAI_1.4_DELEGATE_EVENT3", "BAI_1.4_DELEGATE_EVENT3\BAI_1.4_DELEGATE_EVENT3.csproj", "{43586145-0769-4954-BA63-8376C320B304}"
EndProject
Global
	GlobalSection(SolutionConfigurationPlatforms) = preSolution
		Debug|Any CPU = Debug|Any CPU
		Release|Any CPU = Release|Any CPU
	EndGlobalSection
	GlobalSection(ProjectConfigurationPlatforms) = postSolution
		{7C1EF5C0-14C8-4852-9D3D-42886F0A391F}.Debug|Any CPU.ActiveCfg = Debug|Any CPU
		{7C1EF5C0-14C8-4852-9D3D-42886F0A391F}.Debug|Any CPU.Build.0 = Debug|Any CPU
		{7C1EF5C0-14C8-4852-9D3D-42886F0A391F}.Release|Any CPU.ActiveCfg = Release|Any CPU
		{7C1EF5C0-14C8-4852-9D3D-42886F0A391F}.Release|Any CPU.Build.0 = Release|Any CPU
		{E3183B48-17AD-4127-89CD-8B0D20DEDF2D}.Debug|Any CPU.ActiveCfg = Debug|Any CPU
		{E3183B48-17AD-4127-89CD-8B0D20DEDF2D}.Debug|Any CPU.Build.0 = Debug|Any CPU
		{E3183B48-17AD-4127-89CD-8B0D20DEDF2D}.Release|Any CPU.ActiveCfg = Release|Any CPU
		{E3183B48-17AD-4127-89CD-8B0D20DEDF2D}.Release|Any CPU.Build.0 = Release|Any CPU
		{6D558902-262A-4AC6-9EEC-7247703DD7A5}.Debug|Any CPU.ActiveCfg = Debug|Any CPU
		{6D558902-262A-4AC6-9EEC-7247703DD7A5}.Debug|Any CPU.Build.0 = Debug|Any CPU
		{6D558902-262A-4AC6-9EEC-7247703DD7A5}.Release|Any CPU.ActiveCfg = Release|Any CPU
		{6D558902-262A-4AC6-9EEC-7247703DD7A5}.Release|Any CPU.Build.0 = Release|Any CPU
		{E08026CD-4203-419D-B163-403ED42E26B6}.Debug|Any CPU.ActiveCfg = Debug|Any CPU
		{E08026CD-4203-419D-B163-403ED42E26B6}.Debug|Any CPU.Build.0 = Debug|Any CPU
		{E08026CD-4203-419D-B163-403ED42E26B6}.Release|Any CPU.ActiveCfg = Release|Any CPU
		{E08026CD-4203-419D-B163-403ED42E26B6}.Release|Any CPU.Build.0 = Release|Any CPU
		{43586145-0769-4954-BA63-8376C320B304}.Debug|Any CPU.ActiveCfg = Debug|Any CPU
		{43586145-0769-4954-BA63-8376C320B304}.Debug|Any CPU.Build.0 = Debug|Any CPU
		{43586145-0769-4954-BA63-8376C320B304}.Release|Any CPU.ActiveCfg = Release|Any CPU
		{43586145-0769-4954-BA63-8376C320B304}.Release|Any CPU.Build.0 = Release|Any CPU
	EndGlobalSection
	GlobalSection(SolutionProperties) = preSolution
		HideSolutionNode = FALSE
	EndGlobalSection
	GlobalSection(ExtensibilityGlobals) = postSolution
		SolutionGuid = {292C6040-9C85-4EAD-8ACD-38B7084B6ED6}
	EndGlobalSection
EndGlobal
