
Microsoft Visual Studio Solution File, Format Version 12.00
# Visual Studio Version 16
VisualStudioVersion = 16.0.31129.286
MinimumVisualStudioVersion = 10.0.40219.1
Project("{9A19103F-16F7-4668-BE54-9A1E7A4F7556}") = "BAI_1.0_DELEGATE", "BAI_1.0_DELEGATE\BAI_1.0_DELEGATE.csproj", "{7C1EF5C0-14C8-4852-9D3D-42886F0A391F}"
EndProject
Project("{9A19103F-16F7-4668-BE54-9A1E7A4F7556}") = "BAI_1.1_DELEGATE_ACTION_FUNC", "BAI_1.1_DELEGATE_ACTION_FUNC\BAI_1.1_DELEGATE_ACTION_FUNC.csproj", "{E3183B48-17AD-4127-89CD-8B0D20DEDF2D}"
EndProject
Project("{9A19103F-16F7-4668-BE54-9A1E7A4F7556}") = "BAI_1.2_DELEGATE_EVENT", "BAI_1.2_DELEGATE_EVENT\BAI_1.2_DELEGATE_EVENT.csproj", "{6D558902-262A-4AC6-9EEC-7247703DD7A5}"
EndProject
Project("{9A19103F-16F7-4668-BE54-9A1E7A4F7556}") = "BAI_1.3_DELEGATE_EVENT2", "BAI_1.3_DELEGATE_EVENT2\BAI_1.3_DELEGATE_EVENT2.csproj", "{E08026CD-4203-419D-B163-403ED42E26B6}"
EndProject
Project("{9A19103F-16F7-4668-BE54-9A1E7A4F7556}") = "BAI_1.4_DELEGATE_EVENT3", "BAI_1.4_DELEGATE_EVENT3\BAI_1.4_DELEGATE_EVENT3.csproj", "{43586145-0769-4954-BA63-8376C320B304}"
EndProject
Project("{9A19103F-16F7-4668-BE54-9A1E7A4F7556}") = "BAI_1.5_EXCEPTION", "BAI_1.5_EXCEPTION\BAI_1.5_EXCEPTION.csproj", "{6E7F14B1-C32F-4E72-BB9E-BA1573312FC9}"
EndProject
Project("{9A19103F-16F7-4668-BE54-9A1E7A4F7556}") = "BAI_1.6_DINH_NGHIA_EXCEPTION", "BAI_1.5_DINH_NGHIA_EXCEPTION\BAI_1.6_DINH_NGHIA_EXCEPTION.csproj", "{2CC92E50-14B3-4971-A795-98ED58E3AE08}"
EndProject
Project("{9A19103F-16F7-4668-BE54-9A1E7A4F7556}") = "BAI_1.7_DINH_NGHIA_CLASS_EXCEPTION", "BAI_1.7_DINH_NGHIA_CLASS_EXCEPTION\BAI_1.7_DINH_NGHIA_CLASS_EXCEPTION.csproj", "{6785F7DE-87A1-48B1-8977-4C41A256F8E1}"
EndProject
Project("{9A19103F-16F7-4668-BE54-9A1E7A4F7556}") = "BAI_1.8_COLLECTION", "BAI_1.8_COLLECTION\BAI_1.8_COLLECTION.csproj", "{FD9203EE-10C5-4B96-B41A-6D8505FF047C}"
EndProject
Project("{9A19103F-16F7-4668-BE54-9A1E7A4F7556}") = "BAI_1.9_GENERIC", "BAI_1.9_GENERIC\BAI_1.9_GENERIC.csproj", "{BDFF5419-7FB7-4BDE-84F2-A40F31D12B1B}"
EndProject
Project("{FAE04EC0-301F-11D3-BF4B-00C04F79EFBC}") = "BAI_2.0_PHUONG_THUC_GENERIC", "BAI_2.0_PHUON_THUC_GENERIC\BAI_2.0_PHUONG_THUC_GENERIC.csproj", "{AF15BD86-0621-459A-94B0-68CEA47B3DFD}"
EndProject
Project("{FAE04EC0-301F-11D3-BF4B-00C04F79EFBC}") = "BAI_2.1_CLASS_GENERIC", "BAI_2.1_CLASS_GENERIC\BAI_2.1_CLASS_GENERIC.csproj", "{E42544AA-52F6-461A-B082-D683829876DE}"
EndProject
Project("{FAE04EC0-301F-11D3-BF4B-00C04F79EFBC}") = "BAI_2.1_GENERIC_COLLECTIONS", "BAI_2.1_GENERIC_COLLECTIONS\BAI_2.1_GENERIC_COLLECTIONS.csproj", "{1BE4E72C-68B5-41CA-8197-94F1A5C4F57C}"
EndProject
Project("{FAE04EC0-301F-11D3-BF4B-00C04F79EFBC}") = "BAI_2.2_TU_KHOA_STATIC", "BAI_2.2_TU_KHOA_STATIC\BAI_2.2_TU_KHOA_STATIC.csproj", "{2CA45686-15A6-4DE4-B643-514508F97A70}"
EndProject
Global
	GlobalSection(SolutionConfigurationPlatforms) = preSolution
		Debug|Any CPU = Debug|Any CPU
		Release|Any CPU = Release|Any CPU
	EndGlobalSection
	GlobalSection(ProjectConfigurationPlatforms) = postSolution
		{7C1EF5C0-14C8-4852-9D3D-42886F0A391F}.Debug|Any CPU.ActiveCfg = Debug|Any CPU
		{7C1EF5C0-14C8-4852-9D3D-42886F0A391F}.Debug|Any CPU.Build.0 = Debug|Any CPU
		{7C1EF5C0-14C8-4852-9D3D-42886F0A391F}.Release|Any CPU.ActiveCfg = Release|Any CPU
		{7C1EF5C0-14C8-4852-9D3D-42886F0A391F}.Release|Any CPU.Build.0 = Release|Any CPU
		{E3183B48-17AD-4127-89CD-8B0D20DEDF2D}.Debug|Any CPU.ActiveCfg = Debug|Any CPU
		{E3183B48-17AD-4127-89CD-8B0D20DEDF2D}.Debug|Any CPU.Build.0 = Debug|Any CPU
		{E3183B48-17AD-4127-89CD-8B0D20DEDF2D}.Release|Any CPU.ActiveCfg = Release|Any CPU
		{E3183B48-17AD-4127-89CD-8B0D20DEDF2D}.Release|Any CPU.Build.0 = Release|Any CPU
		{6D558902-262A-4AC6-9EEC-7247703DD7A5}.Debug|Any CPU.ActiveCfg = Debug|Any CPU
		{6D558902-262A-4AC6-9EEC-7247703DD7A5}.Debug|Any CPU.Build.0 = Debug|Any CPU
		{6D558902-262A-4AC6-9EEC-7247703DD7A5}.Release|Any CPU.ActiveCfg = Release|Any CPU
		{6D558902-262A-4AC6-9EEC-7247703DD7A5}.Release|Any CPU.Build.0 = Release|Any CPU
		{E08026CD-4203-419D-B163-403ED42E26B6}.Debug|Any CPU.ActiveCfg = Debug|Any CPU
		{E08026CD-4203-419D-B163-403ED42E26B6}.Debug|Any CPU.Build.0 = Debug|Any CPU
		{E08026CD-4203-419D-B163-403ED42E26B6}.Release|Any CPU.ActiveCfg = Release|Any CPU
		{E08026CD-4203-419D-B163-403ED42E26B6}.Release|Any CPU.Build.0 = Release|Any CPU
		{43586145-0769-4954-BA63-8376C320B304}.Debug|Any CPU.ActiveCfg = Debug|Any CPU
		{43586145-0769-4954-BA63-8376C320B304}.Debug|Any CPU.Build.0 = Debug|Any CPU
		{43586145-0769-4954-BA63-8376C320B304}.Release|Any CPU.ActiveCfg = Release|Any CPU
		{43586145-0769-4954-BA63-8376C320B304}.Release|Any CPU.Build.0 = Release|Any CPU
		{6E7F14B1-C32F-4E72-BB9E-BA1573312FC9}.Debug|Any CPU.ActiveCfg = Debug|Any CPU
		{6E7F14B1-C32F-4E72-BB9E-BA1573312FC9}.Debug|Any CPU.Build.0 = Debug|Any CPU
		{6E7F14B1-C32F-4E72-BB9E-BA1573312FC9}.Release|Any CPU.ActiveCfg = Release|Any CPU
		{6E7F14B1-C32F-4E72-BB9E-BA1573312FC9}.Release|Any CPU.Build.0 = Release|Any CPU
		{2CC92E50-14B3-4971-A795-98ED58E3AE08}.Debug|Any CPU.ActiveCfg = Debug|Any CPU
		{2CC92E50-14B3-4971-A795-98ED58E3AE08}.Debug|Any CPU.Build.0 = Debug|Any CPU
		{2CC92E50-14B3-4971-A795-98ED58E3AE08}.Release|Any CPU.ActiveCfg = Release|Any CPU
		{2CC92E50-14B3-4971-A795-98ED58E3AE08}.Release|Any CPU.Build.0 = Release|Any CPU
		{6785F7DE-87A1-48B1-8977-4C41A256F8E1}.Debug|Any CPU.ActiveCfg = Debug|Any CPU
		{6785F7DE-87A1-48B1-8977-4C41A256F8E1}.Debug|Any CPU.Build.0 = Debug|Any CPU
		{6785F7DE-87A1-48B1-8977-4C41A256F8E1}.Release|Any CPU.ActiveCfg = Release|Any CPU
		{6785F7DE-87A1-48B1-8977-4C41A256F8E1}.Release|Any CPU.Build.0 = Release|Any CPU
		{FD9203EE-10C5-4B96-B41A-6D8505FF047C}.Debug|Any CPU.ActiveCfg = Debug|Any CPU
		{FD9203EE-10C5-4B96-B41A-6D8505FF047C}.Debug|Any CPU.Build.0 = Debug|Any CPU
		{FD9203EE-10C5-4B96-B41A-6D8505FF047C}.Release|Any CPU.ActiveCfg = Release|Any CPU
		{FD9203EE-10C5-4B96-B41A-6D8505FF047C}.Release|Any CPU.Build.0 = Release|Any CPU
		{BDFF5419-7FB7-4BDE-84F2-A40F31D12B1B}.Debug|Any CPU.ActiveCfg = Debug|Any CPU
		{BDFF5419-7FB7-4BDE-84F2-A40F31D12B1B}.Debug|Any CPU.Build.0 = Debug|Any CPU
		{BDFF5419-7FB7-4BDE-84F2-A40F31D12B1B}.Release|Any CPU.ActiveCfg = Release|Any CPU
		{BDFF5419-7FB7-4BDE-84F2-A40F31D12B1B}.Release|Any CPU.Build.0 = Release|Any CPU
		{AF15BD86-0621-459A-94B0-68CEA47B3DFD}.Debug|Any CPU.ActiveCfg = Debug|Any CPU
		{AF15BD86-0621-459A-94B0-68CEA47B3DFD}.Debug|Any CPU.Build.0 = Debug|Any CPU
		{AF15BD86-0621-459A-94B0-68CEA47B3DFD}.Release|Any CPU.ActiveCfg = Release|Any CPU
		{AF15BD86-0621-459A-94B0-68CEA47B3DFD}.Release|Any CPU.Build.0 = Release|Any CPU
		{E42544AA-52F6-461A-B082-D683829876DE}.Debug|Any CPU.ActiveCfg = Debug|Any CPU
		{E42544AA-52F6-461A-B082-D683829876DE}.Debug|Any CPU.Build.0 = Debug|Any CPU
		{E42544AA-52F6-461A-B082-D683829876DE}.Release|Any CPU.ActiveCfg = Release|Any CPU
		{E42544AA-52F6-461A-B082-D683829876DE}.Release|Any CPU.Build.0 = Release|Any CPU
		{1BE4E72C-68B5-41CA-8197-94F1A5C4F57C}.Debug|Any CPU.ActiveCfg = Debug|Any CPU
		{1BE4E72C-68B5-41CA-8197-94F1A5C4F57C}.Debug|Any CPU.Build.0 = Debug|Any CPU
		{1BE4E72C-68B5-41CA-8197-94F1A5C4F57C}.Release|Any CPU.ActiveCfg = Release|Any CPU
		{1BE4E72C-68B5-41CA-8197-94F1A5C4F57C}.Release|Any CPU.Build.0 = Release|Any CPU
		{2CA45686-15A6-4DE4-B643-514508F97A70}.Debug|Any CPU.ActiveCfg = Debug|Any CPU
		{2CA45686-15A6-4DE4-B643-514508F97A70}.Debug|Any CPU.Build.0 = Debug|Any CPU
		{2CA45686-15A6-4DE4-B643-514508F97A70}.Release|Any CPU.ActiveCfg = Release|Any CPU
		{2CA45686-15A6-4DE4-B643-514508F97A70}.Release|Any CPU.Build.0 = Release|Any CPU
	EndGlobalSection
	GlobalSection(SolutionProperties) = preSolution
		HideSolutionNode = FALSE
	EndGlobalSection
	GlobalSection(ExtensibilityGlobals) = postSolution
		SolutionGuid = {292C6040-9C85-4EAD-8ACD-38B7084B6ED6}
	EndGlobalSection
EndGlobal
